github.com/FloatTech/ttl v0.0.0-20250224045156-012b1463287d h1:mUQ/c3wXKsUGa4Sg9DBy01APXKB68PmobhxOyaJI7lY=
github.com/FloatTech/ttl v0.0.0-20250224045156-012b1463287d/go.mod h1:fHZFWGquNXuHttu9dUYoKuNbm3dzLETnIOnm1muSfDs=
github.com/RomiChan/syncx v0.0.0-20240418144900-b7402ffdebc7 h1:S/ferNiehVjNaBMNNBxUjLtVmP/YWD6Yh79RfPv4ehU=
github.com/RomiChan/syncx v0.0.0-20240418144900-b7402ffdebc7/go.mod h1:vD7Ra3Q9onRtojoY5sMCLQ7JBgjUsrXDnDKyFxqpf9w=
github.com/davecgh/go-spew v1.1.1 h1:vj9j/u1bqnvCEfJOwUhtlOARqs3+rkHYY13jYWTU97c=
github.com/davecgh/go-spew v1.1.1/go.mod h1:J7Y8YcW2NihsgmVo/mv3lAwl/skON4iLHjSsI+c5H38=
github.com/fumiama/orbyte v0.0.0-20251002065953-3bb358367eb5 h1:j9o0XVvdAeLwrBYMnh0SerrMc9CgNU6AGszbsvFzoc0=
github.com/fumiama/orbyte v0.0.0-20251002065953-3bb358367eb5/go.mod h1:FOjdw7KdCbK2eH3gRPhwFNCoXKpu9sN5vPH4El/8e0c=
github.com/fumiama/terasu v1.0.2 h1:Dxj2vPIgLHyeMlBd61xYHx5Jg8v7k24yg7taNLlK8/8=
github.com/fumiama/terasu v1.0.2/go.mod h1:1eHzpL/GJVcOnqEkh1vUbKu2zo6gojSuueUNJ9yHJE0=
github.com/pmezard/go-difflib v1.0.0 h1:4DBwDE0NGyQoBHbLQYPwSUPoCMWR5BEzIk/f1lZbAQM=
github.com/pmezard/go-difflib v1.0.0/go.mod h1:iKH77koFhYxTK1pcRnkKkqfTogsbg7gZNVY4sRDYZ/4=
github.com/sirupsen/logrus v1.9.4 h1:TsZE7l11zFCLZnZ+teH4Umoq5BhEIfIzfRDZ1Uzql2w=
github.com/sirupsen/logrus v1.9.4/go.mod h1:ftWc9WdOfJ0a92nsE2jF5u5ZwH8Bv2zdeOC42RjbV2g=
github.com/stretchr/testify v1.10.0 h1:Xv5erBjTwe/5IxqUQTdXv5kgmIvbHo3QQyRwhJsOfJA=
github.com/stretchr/testify v1.10.0/go.mod h1:r2ic/lqez/lEtzL7wO/rwa5dbSLXVDPFyf8C91i36aY=
golang.org/x/net v0.49.0 h1:eeHFmOGUTtaaPSGNmjBKpbng9MulQsJURQUAfUwY++o=
golang.org/x/net v0.49.0/go.mod h1:/ysNB2EvaqvesRkuLAyjI1ycPZlQHM3q01F02UY/MV8=
golang.org/x/sys v0.40.0 h1:DBZZqJ2Rkml6QMQsZywtnjnnGvHza6BTfYFWY9kjEWQ=
golang.org/x/sys v0.40.0/go.mod h1:OgkHotnGiDImocRcuBABYBEXf8A9a87e/uXjp9XT3ks=
golang.org/x/text v0.33.0 h1:B3njUFyqtHDUI5jMn1YIr5B0IE2U0qck04r6d4KPAxE=
golang.org/x/text v0.33.0/go.mod h1:LuMebE6+rBincTi9+xWTY8TztLzKHc/9C1uBCG27+q8=
gopkg.in/yaml.v3 v3.0.1 h1:fxVm/GzAzEWqLHuvctI91KS9hhNmmWOoWu0XTYJS7CA=
gopkg.in/yaml.v3 v3.0.1/go.mod h1:K4uyk7z7BCEPqu6E+C64Yfv1cQ7kz7rIZviUmN+EgEM=
